// !$*UTF8*$!
{
	archiveVersion = 1;
	classes = {
	};
	objectVersion = 46;
	objects = {

/* Begin PBXBuildFile section */
		F6CDE20A1AE91C720088B74B /* AppDelegate.swift in Sources */ = {isa = PBXBuildFile; fileRef = F6CDE2091AE91C720088B74B /* AppDelegate.swift */; };
		F6CDE20C1AE91C720088B74B /* ViewController.swift in Sources */ = {isa = PBXBuildFile; fileRef = F6CDE20B1AE91C720088B74B /* ViewController.swift */; };
		F6CDE20F1AE91C720088B74B /* Main.storyboard in Resources */ = {isa = PBXBuildFile; fileRef = F6CDE20D1AE91C720088B74B /* Main.storyboard */; };
		F6CDE2111AE91C720088B74B /* Images.xcassets in Resources */ = {isa = PBXBuildFile; fileRef = F6CDE2101AE91C720088B74B /* Images.xcassets */; };
		F6CDE2141AE91C720088B74B /* LaunchScreen.xib in Resources */ = {isa = PBXBuildFile; fileRef = F6CDE2121AE91C720088B74B /* LaunchScreen.xib */; };
		F6CDE2201AE91C730088B74B /* TextFieldAppRaphaelTests.swift in Sources */ = {isa = PBXBuildFile; fileRef = F6CDE21F1AE91C730088B74B /* TextFieldAppRaphaelTests.swift */; };
		F6CDE22B1AE91FD30088B74B /* ZipCodeTextFieldDelegate.swift in Sources */ = {isa = PBXBuildFile; fileRef = F6CDE22A1AE91FD30088B74B /* ZipCodeTextFieldDelegate.swift */; };
		F6CDE22D1AE936690088B74B /* CashTextFieldDelegate.swift in Sources */ = {isa = PBXBuildFile; fileRef = F6CDE22C1AE936690088B74B /* CashTextFieldDelegate.swift */; };
/* End PBXBuildFile section */

/* Begin PBXContainerItemProxy section */
		F6CDE21A1AE91C730088B74B /* PBXContainerItemProxy */ = {
			isa = PBXContainerItemProxy;
			containerPortal = F6CDE1FC1AE91C720088B74B /* Project object */;
			proxyType = 1;
			remoteGlobalIDString = F6CDE2031AE91C720088B74B;
			remoteInfo = TextFieldAppRaphael;
		};
/* End PBXContainerItemProxy section */

/* Begin PBXFileReference section */
		F6CDE2041AE91C720088B74B /* TextFieldAppRaphael.app */ = {isa = PBXFileReference; explicitFileType = wrapper.application; includeInIndex = 0; path = TextFieldAppRaphael.app; sourceTree = BUILT_PRODUCTS_DIR; };
		F6CDE2081AE91C720088B74B /* Info.plist */ = {isa = PBXFileReference; lastKnownFileType = text.plist.xml; path = Info.plist; sourceTree = "<group>"; };
		F6CDE2091AE91C720088B74B /* AppDelegate.swift */ = {isa = PBXFileReference; lastKnownFileType = sourcecode.swift; path = AppDelegate.swift; sourceTree = "<group>"; };
		F6CDE20B1AE91C720088B74B /* ViewController.swift */ = {isa = PBXFileReference; lastKnownFileType = sourcecode.swift; path = ViewController.swift; sourceTree = "<group>"; };
		F6CDE20E1AE91C720088B74B /* Base */ = {isa = PBXFileReference; lastKnownFileType = file.storyboard; name = Base; path = Base.lproj/Main.storyboard; sourceTree = "<group>"; };
		F6CDE2101AE91C720088B74B /* Images.xcassets */ = {isa = PBXFileReference; lastKnownFileType = folder.assetcatalog; path = Images.xcassets; sourceTree = "<group>"; };
		F6CDE2131AE91C720088B74B /* Base */ = {isa = PBXFileReference; lastKnownFileType = file.xib; name = Base; path = Base.lproj/LaunchScreen.xib; sourceTree = "<group>"; };
		F6CDE2191AE91C730088B74B /* TextFieldAppRaphaelTests.xctest */ = {isa = PBXFileReference; explicitFileType = wrapper.cfbundle; includeInIndex = 0; path = TextFieldAppRaphaelTests.xctest; sourceTree = BUILT_PRODUCTS_DIR; };
		F6CDE21E1AE91C730088B74B /* Info.plist */ = {isa = PBXFileReference; lastKnownFileType = text.plist.xml; path = Info.plist; sourceTree = "<group>"; };
		F6CDE21F1AE91C730088B74B /* TextFieldAppRaphaelTests.swift */ = {isa = PBXFileReference; lastKnownFileType = sourcecode.swift; path = TextFieldAppRaphaelTests.swift; sourceTree = "<group>"; };
		F6CDE22A1AE91FD30088B74B /* ZipCodeTextFieldDelegate.swift */ = {isa = PBXFileReference; fileEncoding = 4; lastKnownFileType = sourcecode.swift; path = ZipCodeTextFieldDelegate.swift; sourceTree = "<group>"; };
		F6CDE22C1AE936690088B74B /* CashTextFieldDelegate.swift */ = {isa = PBXFileReference; fileEncoding = 4; lastKnownFileType = sourcecode.swift; path = CashTextFieldDelegate.swift; sourceTree = "<group>"; };
/* End PBXFileReference section */

/* Begin PBXFrameworksBuildPhase section */
		F6CDE2011AE91C720088B74B /* Frameworks */ = {
			isa = PBXFrameworksBuildPhase;
			buildActionMask = 2147483647;
			files = (
			);
			runOnlyForDeploymentPostprocessing = 0;
		};
		F6CDE2161AE91C730088B74B /* Frameworks */ = {
			isa = PBXFrameworksBuildPhase;
			buildActionMask = 2147483647;
			files = (
			);
			runOnlyForDeploymentPostprocessing = 0;
		};
/* End PBXFrameworksBuildPhase section */

/* Begin PBXGroup section */
		F6CDE1FB1AE91C720088B74B = {
			isa = PBXGroup;
			children = (
				F6CDE2061AE91C720088B74B /* TextFieldAppRaphael */,
				F6CDE21C1AE91C730088B74B /* TextFieldAppRaphaelTests */,
				F6CDE2051AE91C720088B74B /* Products */,
			);
			sourceTree = "<group>";
		};
		F6CDE2051AE91C720088B74B /* Products */ = {
			isa = PBXGroup;
			children = (
				F6CDE2041AE91C720088B74B /* TextFieldAppRaphael.app */,
				F6CDE2191AE91C730088B74B /* TextFieldAppRaphaelTests.xctest */,
			);
			name = Products;
			sourceTree = "<group>";
		};
		F6CDE2061AE91C720088B74B /* TextFieldAppRaphael */ = {
			isa = PBXGroup;
			children = (
				F6CDE20B1AE91C720088B74B /* ViewController.swift */,
				F6CDE20D1AE91C720088B74B /* Main.storyboard */,
				F6CDE2291AE91E420088B74B /* TextFieldDelegates */,
				F6CDE2101AE91C720088B74B /* Images.xcassets */,
				F6CDE2091AE91C720088B74B /* AppDelegate.swift */,
				F6CDE2121AE91C720088B74B /* LaunchScreen.xib */,
				F6CDE2071AE91C720088B74B /* Supporting Files */,
			);
			path = TextFieldAppRaphael;
			sourceTree = "<group>";
		};
		F6CDE2071AE91C720088B74B /* Supporting Files */ = {
			isa = PBXGroup;
			children = (
				F6CDE2081AE91C720088B74B /* Info.plist */,
			);
			name = "Supporting Files";
			sourceTree = "<group>";
		};
		F6CDE21C1AE91C730088B74B /* TextFieldAppRaphaelTests */ = {
			isa = PBXGroup;
			children = (
				F6CDE21F1AE91C730088B74B /* TextFieldAppRaphaelTests.swift */,
				F6CDE21D1AE91C730088B74B /* Supporting Files */,
			);
			path = TextFieldAppRaphaelTests;
			sourceTree = "<group>";
		};
		F6CDE21D1AE91C730088B74B /* Supporting Files */ = {
			isa = PBXGroup;
			children = (
				F6CDE21E1AE91C730088B74B /* Info.plist */,
			);
			name = "Supporting Files";
			sourceTree = "<group>";
		};
		F6CDE2291AE91E420088B74B /* TextFieldDelegates */ = {
			isa = PBXGroup;
			children = (
				F6CDE22A1AE91FD30088B74B /* ZipCodeTextFieldDelegate.swift */,
				F6CDE22C1AE936690088B74B /* CashTextFieldDelegate.swift */,
			);
			name = TextFieldDelegates;
			sourceTree = "<group>";
		};
/* End PBXGroup section */

/* Begin PBXNativeTarget section */
		F6CDE2031AE91C720088B74B /* TextFieldAppRaphael */ = {
			isa = PBXNativeTarget;
			buildConfigurationList = F6CDE2231AE91C730088B74B /* Build configuration list for PBXNativeTarget "TextFieldAppRaphael" */;
			buildPhases = (
				F6CDE2001AE91C720088B74B /* Sources */,
				F6CDE2011AE91C720088B74B /* Frameworks */,
				F6CDE2021AE91C720088B74B /* Resources */,
			);
			buildRules = (
			);
			dependencies = (
			);
			name = TextFieldAppRaphael;
			productName = TextFieldAppRaphael;
			productReference = F6CDE2041AE91C720088B74B /* TextFieldAppRaphael.app */;
			productType = "com.apple.product-type.application";
		};
		F6CDE2181AE91C730088B74B /* TextFieldAppRaphaelTests */ = {
			isa = PBXNativeTarget;
			buildConfigurationList = F6CDE2261AE91C730088B74B /* Build configuration list for PBXNativeTarget "TextFieldAppRaphaelTests" */;
			buildPhases = (
				F6CDE2151AE91C730088B74B /* Sources */,
				F6CDE2161AE91C730088B74B /* Frameworks */,
				F6CDE2171AE91C730088B74B /* Resources */,
			);
			buildRules = (
			);
			dependencies = (
				F6CDE21B1AE91C730088B74B /* PBXTargetDependency */,
			);
			name = TextFieldAppRaphaelTests;
			productName = TextFieldAppRaphaelTests;
			productReference = F6CDE2191AE91C730088B74B /* TextFieldAppRaphaelTests.xctest */;
			productType = "com.apple.product-type.bundle.unit-test";
		};
/* End PBXNativeTarget section */

/* Begin PBXProject section */
		F6CDE1FC1AE91C720088B74B /* Project object */ = {
			isa = PBXProject;
			attributes = {
				LastUpgradeCheck = 0630;
				ORGANIZATIONNAME = "Raphael Neuenschwander";
				TargetAttributes = {
					F6CDE2031AE91C720088B74B = {
						CreatedOnToolsVersion = 6.3;
					};
					F6CDE2181AE91C730088B74B = {
						CreatedOnToolsVersion = 6.3;
						TestTargetID = F6CDE2031AE91C720088B74B;
					};
				};
			};
			buildConfigurationList = F6CDE1FF1AE91C720088B74B /* Build configuration list for PBXProject "TextFieldAppRaphael" */;
			compatibilityVersion = "Xcode 3.2";
			developmentRegion = English;
			hasScannedForEncodings = 0;
			knownRegions = (
				en,
				Base,
			);
			mainGroup = F6CDE1FB1AE91C720088B74B;
			productRefGroup = F6CDE2051AE91C720088B74B /* Products */;
			projectDirPath = "";
			projectRoot = "";
			targets = (
				F6CDE2031AE91C720088B74B /* TextFieldAppRaphael */,
				F6CDE2181AE91C730088B74B /* TextFieldAppRaphaelTests */,
			);
		};
/* End PBXProject section */

/* Begin PBXResourcesBuildPhase section */
		F6CDE2021AE91C720088B74B /* Resources */ = {
			isa = PBXResourcesBuildPhase;
			buildActionMask = 2147483647;
			files = (
				F6CDE20F1AE91C720088B74B /* Main.storyboard in Resources */,
				F6CDE2141AE91C720088B74B /* LaunchScreen.xib in Resources */,
				F6CDE2111AE91C720088B74B /* Images.xcassets in Resources */,
			);
			runOnlyForDeploymentPostprocessing = 0;
		};
		F6CDE2171AE91C730088B74B /* Resources */ = {
			isa = PBXResourcesBuildPhase;
			buildActionMask = 2147483647;
			files = (
			);
			runOnlyForDeploymentPostprocessing = 0;
		};
/* End PBXResourcesBuildPhase section */

/* Begin PBXSourcesBuildPhase section */
		F6CDE2001AE91C720088B74B /* Sources */ = {
			isa = PBXSourcesBuildPhase;
			buildActionMask = 2147483647;
			files = (
				F6CDE20C1AE91C720088B74B /* ViewController.swift in Sources */,
				F6CDE22D1AE936690088B74B /* CashTextFieldDelegate.swift in Sources */,
				F6CDE22B1AE91FD30088B74B /* ZipCodeTextFieldDelegate.swift in Sources */,
				F6CDE20A1AE91C720088B74B /* AppDelegate.swift in Sources */,
			);
			runOnlyForDeploymentPostprocessing = 0;
		};
		F6CDE2151AE91C730088B74B /* Sources */ = {
			isa = PBXSourcesBuildPhase;
			buildActionMask = 2147483647;
			files = (
				F6CDE2201AE91C730088B74B /* TextFieldAppRaphaelTests.swift in Sources */,
			);
			runOnlyForDeploymentPostprocessing = 0;
		};
/* End PBXSourcesBuildPhase section */

/* Begin PBXTargetDependency section */
		F6CDE21B1AE91C730088B74B /* PBXTargetDependency */ = {
			isa = PBXTargetDependency;
			target = F6CDE2031AE91C720088B74B /* TextFieldAppRaphael */;
			targetProxy = F6CDE21A1AE91C730088B74B /* PBXContainerItemProxy */;
		};
/* End PBXTargetDependency section */

/* Begin PBXVariantGroup section */
		F6CDE20D1AE91C720088B74B /* Main.storyboard */ = {
			isa = PBXVariantGroup;
			children = (
				F6CDE20E1AE91C720088B74B /* Base */,
			);
			name = Main.storyboard;
			sourceTree = "<group>";
		};
		F6CDE2121AE91C720088B74B /* LaunchScreen.xib */ = {
			isa = PBXVariantGroup;
			children = (
				F6CDE2131AE91C720088B74B /* Base */,
			);
			name = LaunchScreen.xib;
			sourceTree = "<group>";
		};
/* End PBXVariantGroup section */

/* Begin XCBuildConfiguration section */
		F6CDE2211AE91C730088B74B /* Debug */ = {
			isa = XCBuildConfiguration;
			buildSettings = {
				ALWAYS_SEARCH_USER_PATHS = NO;
				CLANG_CXX_LANGUAGE_STANDARD = "gnu++0x";
				CLANG_CXX_LIBRARY = "libc++";
				CLANG_ENABLE_MODULES = YES;
				CLANG_ENABLE_OBJC_ARC = YES;
				CLANG_WARN_BOOL_CONVERSION = YES;
				CLANG_WARN_CONSTANT_CONVERSION = YES;
				CLANG_WARN_DIRECT_OBJC_ISA_USAGE = YES_ERROR;
				CLANG_WARN_EMPTY_BODY = YES;
				CLANG_WARN_ENUM_CONVERSION = YES;
				CLANG_WARN_INT_CONVERSION = YES;
				CLANG_WARN_OBJC_ROOT_CLASS = YES_ERROR;
				CLANG_WARN_UNREACHABLE_CODE = YES;
				CLANG_WARN__DUPLICATE_METHOD_MATCH = YES;
				"CODE_SIGN_IDENTITY[sdk=iphoneos*]" = "iPhone Developer";
				COPY_PHASE_STRIP = NO;
				DEBUG_INFORMATION_FORMAT = "dwarf-with-dsym";
				ENABLE_STRICT_OBJC_MSGSEND = YES;
				GCC_C_LANGUAGE_STANDARD = gnu99;
				GCC_DYNAMIC_NO_PIC = NO;
				GCC_NO_COMMON_BLOCKS = YES;
				GCC_OPTIMIZATION_LEVEL = 0;
				GCC_PREPROCESSOR_DEFINITIONS = (
					"DEBUG=1",
					"$(inherited)",
				);
				GCC_SYMBOLS_PRIVATE_EXTERN = NO;
				GCC_WARN_64_TO_32_BIT_CONVERSION = YES;
				GCC_WARN_ABOUT_RETURN_TYPE = YES_ERROR;
				GCC_WARN_UNDECLARED_SELECTOR = YES;
				GCC_WARN_UNINITIALIZED_AUTOS = YES_AGGRESSIVE;
				GCC_WARN_UNUSED_FUNCTION = YES;
				GCC_WARN_UNUSED_VARIABLE = YES;
				IPHONEOS_DEPLOYMENT_TARGET = 8.3;
				MTL_ENABLE_DEBUG_INFO = YES;
				ONLY_ACTIVE_ARCH = YES;
				SDKROOT = iphoneos;
				SWIFT_OPTIMIZATION_LEVEL = "-Onone";
			};
			name = Debug;
		};
		F6CDE2221AE91C730088B74B /* Release */ = {
			isa = XCBuildConfiguration;
			buildSettings = {
				ALWAYS_SEARCH_USER_PATHS = NO;
				CLANG_CXX_LANGUAGE_STANDARD = "gnu++0x";
				CLANG_CXX_LIBRARY = "libc++";
				CLANG_ENABLE_MODULES = YES;
				CLANG_ENABLE_OBJC_ARC = YES;
				CLANG_WARN_BOOL_CONVERSION = YES;
				CLANG_WARN_CONSTANT_CONVERSION = YES;
				CLANG_WARN_DIRECT_OBJC_ISA_USAGE = YES_ERROR;
				CLANG_WARN_EMPTY_BODY = YES;
				CLANG_WARN_ENUM_CONVERSION = YES;
				CLANG_WARN_INT_CONVERSION = YES;
				CLANG_WARN_OBJC_ROOT_CLASS = YES_ERROR;
				CLANG_WARN_UNREACHABLE_CODE = YES;
				CLANG_WARN__DUPLICATE_METHOD_MATCH = YES;
				"CODE_SIGN_IDENTITY[sdk=iphoneos*]" = "iPhone Developer";
				COPY_PHASE_STRIP = NO;
				DEBUG_INFORMATION_FORMAT = "dwarf-with-dsym";
				ENABLE_NS_ASSERTIONS = NO;
				ENABLE_STRICT_OBJC_MSGSEND = YES;
				GCC_C_LANGUAGE_STANDARD = gnu99;
				GCC_NO_COMMON_BLOCKS = YES;
				GCC_WARN_64_TO_32_BIT_CONVERSION = YES;
				GCC_WARN_ABOUT_RETURN_TYPE = YES_ERROR;
				GCC_WARN_UNDECLARED_SELECTOR = YES;
				GCC_WARN_UNINITIALIZED_AUTOS = YES_AGGRESSIVE;
				GCC_WARN_UNUSED_FUNCTION = YES;
				GCC_WARN_UNUSED_VARIABLE = YES;
				IPHONEOS_DEPLOYMENT_TARGET = 8.3;
				MTL_ENABLE_DEBUG_INFO = NO;
				SDKROOT = iphoneos;
				VALIDATE_PRODUCT = YES;
			};
			name = Release;
		};
		F6CDE2241AE91C730088B74B /* Debug */ = {
			isa = XCBuildConfiguration;
			buildSettings = {
				ASSETCATALOG_COMPILER_APPICON_NAME = AppIcon;
				INFOPLIST_FILE = TextFieldAppRaphael/Info.plist;
				LD_RUNPATH_SEARCH_PATHS = "$(inherited) @executable_path/Frameworks";
				PRODUCT_NAME = "$(TARGET_NAME)";
			};
			name = Debug;
		};
		F6CDE2251AE91C730088B74B /* Release */ = {
			isa = XCBuildConfiguration;
			buildSettings = {
				ASSETCATALOG_COMPILER_APPICON_NAME = AppIcon;
				INFOPLIST_FILE = TextFieldAppRaphael/Info.plist;
				LD_RUNPATH_SEARCH_PATHS = "$(inherited) @executable_path/Frameworks";
				PRODUCT_NAME = "$(TARGET_NAME)";
			};
			name = Release;
		};
		F6CDE2271AE91C730088B74B /* Debug */ = {
			isa = XCBuildConfiguration;
			buildSettings = {
				BUNDLE_LOADER = "$(TEST_HOST)";
				FRAMEWORK_SEARCH_PATHS = (
					"$(SDKROOT)/Developer/Library/Frameworks",
					"$(inherited)",
				);
				GCC_PREPROCESSOR_DEFINITIONS = (
					"DEBUG=1",
					"$(inherited)",
				);
				INFOPLIST_FILE = TextFieldAppRaphaelTests/Info.plist;
				LD_RUNPATH_SEARCH_PATHS = "$(inherited) @executable_path/Frameworks @loader_path/Frameworks";
				PRODUCT_NAME = "$(TARGET_NAME)";
				TEST_HOST = "$(BUILT_PRODUCTS_DIR)/TextFieldAppRaphael.app/TextFieldAppRaphael";
			};
			name = Debug;
		};
		F6CDE2281AE91C730088B74B /* Release */ = {
			isa = XCBuildConfiguration;
			buildSettings = {
				BUNDLE_LOADER = "$(TEST_HOST)";
				FRAMEWORK_SEARCH_PATHS = (
					"$(SDKROOT)/Developer/Library/Frameworks",
					"$(inherited)",
				);
				INFOPLIST_FILE = TextFieldAppRaphaelTests/Info.plist;
				LD_RUNPATH_SEARCH_PATHS = "$(inherited) @executable_path/Frameworks @loader_path/Frameworks";
				PRODUCT_NAME = "$(TARGET_NAME)";
				TEST_HOST = "$(BUILT_PRODUCTS_DIR)/TextFieldAppRaphael.app/TextFieldAppRaphael";
			};
			name = Release;
		};
/* End XCBuildConfiguration section */

/* Begin XCConfigurationList section */
		F6CDE1FF1AE91C720088B74B /* Build configuration list for PBXProject "TextFieldAppRaphael" */ = {
			isa = XCConfigurationList;
			buildConfigurations = (
				F6CDE2211AE91C730088B74B /* Debug */,
				F6CDE2221AE91C730088B74B /* Release */,
			);
			defaultConfigurationIsVisible = 0;
			defaultConfigurationName = Release;
		};
		F6CDE2231AE91C730088B74B /* Build configuration list for PBXNativeTarget "TextFieldAppRaphael" */ = {
			isa = XCConfigurationList;
			buildConfigurations = (
				F6CDE2241AE91C730088B74B /* Debug */,
				F6CDE2251AE91C730088B74B /* Release */,
			);
			defaultConfigurationIsVisible = 0;
		};
		F6CDE2261AE91C730088B74B /* Build configuration list for PBXNativeTarget "TextFieldAppRaphaelTests" */ = {
			isa = XCConfigurationList;
			buildConfigurations = (
				F6CDE2271AE91C730088B74B /* Debug */,
				F6CDE2281AE91C730088B74B /* Release */,
			);
			defaultConfigurationIsVisible = 0;
		};
/* End XCConfigurationList section */
	};
	rootObject = F6CDE1FC1AE91C720088B74B /* Project object */;
}
